
Microsoft Visual Studio Solution File, Format Version 12.00
# Visual Studio 2012
Project("{8BC9CEB8-8B4A-11D0-8D11-00A0C91BC942}") = "BobKinectWrapper", "BobKinectWrapper\BobKinectWrapper.vcxproj", "{7F0CA124-7A0A-4BCF-B000-8605C38D613E}"
EndProject
Project("{FAE04EC0-301F-11D3-BF4B-00C04F79EFBC}") = "TestBobKinectWrapper", "TestBobKinectWrapper\TestBobKinectWrapper.csproj", "{C0835432-A516-4F31-BA9B-BCFCB5065950}"
EndProject
Global
	GlobalSection(SolutionConfigurationPlatforms) = preSolution
		Debug|Any CPU = Debug|Any CPU
		Debug|Mixed Platforms = Debug|Mixed Platforms
		Debug|Win32 = Debug|Win32
		Release|Any CPU = Release|Any CPU
		Release|Mixed Platforms = Release|Mixed Platforms
		Release|Win32 = Release|Win32
	EndGlobalSection
	GlobalSection(ProjectConfigurationPlatforms) = postSolution
		{7F0CA124-7A0A-4BCF-B000-8605C38D613E}.Debug|Any CPU.ActiveCfg = Debug|Win32
		{7F0CA124-7A0A-4BCF-B000-8605C38D613E}.Debug|Mixed Platforms.ActiveCfg = Debug|Win32
		{7F0CA124-7A0A-4BCF-B000-8605C38D613E}.Debug|Mixed Platforms.Build.0 = Debug|Win32
		{7F0CA124-7A0A-4BCF-B000-8605C38D613E}.Debug|Win32.ActiveCfg = Debug|Win32
		{7F0CA124-7A0A-4BCF-B000-8605C38D613E}.Debug|Win32.Build.0 = Debug|Win32
		{7F0CA124-7A0A-4BCF-B000-8605C38D613E}.Release|Any CPU.ActiveCfg = Release|Win32
		{7F0CA124-7A0A-4BCF-B000-8605C38D613E}.Release|Mixed Platforms.ActiveCfg = Release|Win32
		{7F0CA124-7A0A-4BCF-B000-8605C38D613E}.Release|Mixed Platforms.Build.0 = Release|Win32
		{7F0CA124-7A0A-4BCF-B000-8605C38D613E}.Release|Win32.ActiveCfg = Release|Win32
		{7F0CA124-7A0A-4BCF-B000-8605C38D613E}.Release|Win32.Build.0 = Release|Win32
		{C0835432-A516-4F31-BA9B-BCFCB5065950}.Debug|Any CPU.ActiveCfg = Debug|Any CPU
		{C0835432-A516-4F31-BA9B-BCFCB5065950}.Debug|Any CPU.Build.0 = Debug|Any CPU
		{C0835432-A516-4F31-BA9B-BCFCB5065950}.Debug|Mixed Platforms.ActiveCfg = Debug|Any CPU
		{C0835432-A516-4F31-BA9B-BCFCB5065950}.Debug|Mixed Platforms.Build.0 = Debug|Any CPU
		{C0835432-A516-4F31-BA9B-BCFCB5065950}.Debug|Win32.ActiveCfg = Debug|Any CPU
		{C0835432-A516-4F31-BA9B-BCFCB5065950}.Release|Any CPU.ActiveCfg = Release|Any CPU
		{C0835432-A516-4F31-BA9B-BCFCB5065950}.Release|Any CPU.Build.0 = Release|Any CPU
		{C0835432-A516-4F31-BA9B-BCFCB5065950}.Release|Mixed Platforms.ActiveCfg = Release|Any CPU
		{C0835432-A516-4F31-BA9B-BCFCB5065950}.Release|Mixed Platforms.Build.0 = Release|Any CPU
		{C0835432-A516-4F31-BA9B-BCFCB5065950}.Release|Win32.ActiveCfg = Release|Any CPU
	EndGlobalSection
	GlobalSection(SolutionProperties) = preSolution
		HideSolutionNode = FALSE
	EndGlobalSection
EndGlobal
